// !$*UTF8*$!
{
	archiveVersion = 1;
	classes = {
	};
	objectVersion = 46;
	objects = {

/* Begin PBXBuildFile section */
		03766A7B1E6BC3F200E6F9A0 /* main.c in Sources */ = {isa = PBXBuildFile; fileRef = 03766A7A1E6BC3F200E6F9A0 /* main.c */; };
		03766A841E6BC83100E6F9A0 /* GLUT.framework in Frameworks */ = {isa = PBXBuildFile; fileRef = 03766A821E6BC83100E6F9A0 /* GLUT.framework */; };
		03766A851E6BC83100E6F9A0 /* OpenGL.framework in Frameworks */ = {isa = PBXBuildFile; fileRef = 03766A831E6BC83100E6F9A0 /* OpenGL.framework */; };
/* End PBXBuildFile section */

/* Begin PBXCopyFilesBuildPhase section */
		03766A751E6BC3F200E6F9A0 /* CopyFiles */ = {
			isa = PBXCopyFilesBuildPhase;
			buildActionMask = 2147483647;
			dstPath = /usr/share/man/man1/;
			dstSubfolderSpec = 0;
			files = (
			);
			runOnlyForDeploymentPostprocessing = 1;
		};
/* End PBXCopyFilesBuildPhase section */

/* Begin PBXFileReference section */
		03766A771E6BC3F200E6F9A0 /* ising */ = {isa = PBXFileReference; explicitFileType = "compiled.mach-o.executable"; includeInIndex = 0; path = ising; sourceTree = BUILT_PRODUCTS_DIR; };
		03766A7A1E6BC3F200E6F9A0 /* main.c */ = {isa = PBXFileReference; lastKnownFileType = sourcecode.c.c; path = main.c; sourceTree = "<group>"; };
		03766A821E6BC83100E6F9A0 /* GLUT.framework */ = {isa = PBXFileReference; lastKnownFileType = wrapper.framework; name = GLUT.framework; path = System/Library/Frameworks/GLUT.framework; sourceTree = SDKROOT; };
		03766A831E6BC83100E6F9A0 /* OpenGL.framework */ = {isa = PBXFileReference; lastKnownFileType = wrapper.framework; name = OpenGL.framework; path = System/Library/Frameworks/OpenGL.framework; sourceTree = SDKROOT; };
/* End PBXFileReference section */

/* Begin PBXFrameworksBuildPhase section */
		03766A741E6BC3F200E6F9A0 /* Frameworks */ = {
			isa = PBXFrameworksBuildPhase;
			buildActionMask = 2147483647;
			files = (
				03766A841E6BC83100E6F9A0 /* GLUT.framework in Frameworks */,
				03766A851E6BC83100E6F9A0 /* OpenGL.framework in Frameworks */,
			);
			runOnlyForDeploymentPostprocessing = 0;
		};
/* End PBXFrameworksBuildPhase section */

/* Begin PBXGroup section */
		03766A6E1E6BC3F200E6F9A0 = {
			isa = PBXGroup;
			children = (
				03766A791E6BC3F200E6F9A0 /* ising */,
				03766A781E6BC3F200E6F9A0 /* Products */,
				03766A811E6BC83100E6F9A0 /* Frameworks */,
			);
			sourceTree = "<group>";
		};
		03766A781E6BC3F200E6F9A0 /* Products */ = {
			isa = PBXGroup;
			children = (
				03766A771E6BC3F200E6F9A0 /* ising */,
			);
			name = Products;
			sourceTree = "<group>";
		};
		03766A791E6BC3F200E6F9A0 /* ising */ = {
			isa = PBXGroup;
			children = (
				03766A7A1E6BC3F200E6F9A0 /* main.c */,
			);
			path = ising;
			sourceTree = "<group>";
		};
		03766A811E6BC83100E6F9A0 /* Frameworks */ = {
			isa = PBXGroup;
			children = (
				03766A821E6BC83100E6F9A0 /* GLUT.framework */,
				03766A831E6BC83100E6F9A0 /* OpenGL.framework */,
			);
			name = Frameworks;
			sourceTree = "<group>";
		};
/* End PBXGroup section */

/* Begin PBXNativeTarget section */
		03766A761E6BC3F200E6F9A0 /* ising */ = {
			isa = PBXNativeTarget;
			buildConfigurationList = 03766A7E1E6BC3F200E6F9A0 /* Build configuration list for PBXNativeTarget "ising" */;
			buildPhases = (
				03766A731E6BC3F200E6F9A0 /* Sources */,
				03766A741E6BC3F200E6F9A0 /* Frameworks */,
				03766A751E6BC3F200E6F9A0 /* CopyFiles */,
			);
			buildRules = (
			);
			dependencies = (
			);
			name = ising;
			productName = ising;
			productReference = 03766A771E6BC3F200E6F9A0 /* ising */;
			productType = "com.apple.product-type.tool";
		};
/* End PBXNativeTarget section */

/* Begin PBXProject section */
		03766A6F1E6BC3F200E6F9A0 /* Project object */ = {
			isa = PBXProject;
			attributes = {
				LastUpgradeCheck = 0820;
				ORGANIZATIONNAME = ShuTamegai;
				TargetAttributes = {
					03766A761E6BC3F200E6F9A0 = {
						CreatedOnToolsVersion = 8.2.1;
						ProvisioningStyle = Automatic;
					};
				};
			};
			buildConfigurationList = 03766A721E6BC3F200E6F9A0 /* Build configuration list for PBXProject "ising" */;
			compatibilityVersion = "Xcode 3.2";
			developmentRegion = English;
			hasScannedForEncodings = 0;
			knownRegions = (
				en,
			);
			mainGroup = 03766A6E1E6BC3F200E6F9A0;
			productRefGroup = 03766A781E6BC3F200E6F9A0 /* Products */;
			projectDirPath = "";
			projectRoot = "";
			targets = (
				03766A761E6BC3F200E6F9A0 /* ising */,
			);
		};
/* End PBXProject section */

/* Begin PBXSourcesBuildPhase section */
		03766A731E6BC3F200E6F9A0 /* Sources */ = {
			isa = PBXSourcesBuildPhase;
			buildActionMask = 2147483647;
			files = (
				03766A7B1E6BC3F200E6F9A0 /* main.c in Sources */,
			);
			runOnlyForDeploymentPostprocessing = 0;
		};
/* End PBXSourcesBuildPhase section */

/* Begin XCBuildConfiguration section */
		03766A7C1E6BC3F200E6F9A0 /* Debug */ = {
			isa = XCBuildConfiguration;
			buildSettings = {
				ALWAYS_SEARCH_USER_PATHS = NO;
				CLANG_ANALYZER_NONNULL = YES;
				CLANG_CXX_LANGUAGE_STANDARD = "gnu++0x";
				CLANG_CXX_LIBRARY = "libc++";
				CLANG_ENABLE_MODULES = YES;
				CLANG_ENABLE_OBJC_ARC = YES;
				CLANG_WARN_BOOL_CONVERSION = YES;
				CLANG_WARN_CONSTANT_CONVERSION = YES;
				CLANG_WARN_DIRECT_OBJC_ISA_USAGE = YES_ERROR;
				CLANG_WARN_DOCUMENTATION_COMMENTS = YES;
				CLANG_WARN_EMPTY_BODY = YES;
				CLANG_WARN_ENUM_CONVERSION = YES;
				CLANG_WARN_INFINITE_RECURSION = YES;
				CLANG_WARN_INT_CONVERSION = YES;
				CLANG_WARN_OBJC_ROOT_CLASS = YES_ERROR;
				CLANG_WARN_SUSPICIOUS_MOVE = YES;
				CLANG_WARN_UNREACHABLE_CODE = YES;
				CLANG_WARN__DUPLICATE_METHOD_MATCH = YES;
				CODE_SIGN_IDENTITY = "-";
				COPY_PHASE_STRIP = NO;
				DEBUG_INFORMATION_FORMAT = dwarf;
				ENABLE_STRICT_OBJC_MSGSEND = YES;
				ENABLE_TESTABILITY = YES;
				GCC_C_LANGUAGE_STANDARD = gnu99;
				GCC_DYNAMIC_NO_PIC = NO;
				GCC_NO_COMMON_BLOCKS = YES;
				GCC_OPTIMIZATION_LEVEL = 0;
				GCC_PREPROCESSOR_DEFINITIONS = (
					"DEBUG=1",
					"$(inherited)",
				);
				GCC_WARN_64_TO_32_BIT_CONVERSION = YES;
				GCC_WARN_ABOUT_RETURN_TYPE = YES_ERROR;
				GCC_WARN_UNDECLARED_SELECTOR = YES;
				GCC_WARN_UNINITIALIZED_AUTOS = YES_AGGRESSIVE;
				GCC_WARN_UNUSED_FUNCTION = YES;
				GCC_WARN_UNUSED_VARIABLE = YES;
				MACOSX_DEPLOYMENT_TARGET = 10.8;
				MTL_ENABLE_DEBUG_INFO = YES;
				ONLY_ACTIVE_ARCH = YES;
				SDKROOT = macosx;
			};
			name = Debug;
		};
		03766A7D1E6BC3F200E6F9A0 /* Release */ = {
			isa = XCBuildConfiguration;
			buildSettings = {
				ALWAYS_SEARCH_USER_PATHS = NO;
				CLANG_ANALYZER_NONNULL = YES;
				CLANG_CXX_LANGUAGE_STANDARD = "gnu++0x";
				CLANG_CXX_LIBRARY = "libc++";
				CLANG_ENABLE_MODULES = YES;
				CLANG_ENABLE_OBJC_ARC = YES;
				CLANG_WARN_BOOL_CONVERSION = YES;
				CLANG_WARN_CONSTANT_CONVERSION = YES;
				CLANG_WARN_DIRECT_OBJC_ISA_USAGE = YES_ERROR;
				CLANG_WARN_DOCUMENTATION_COMMENTS = YES;
				CLANG_WARN_EMPTY_BODY = YES;
				CLANG_WARN_ENUM_CONVERSION = YES;
				CLANG_WARN_INFINITE_RECURSION = YES;
				CLANG_WARN_INT_CONVERSION = YES;
				CLANG_WARN_OBJC_ROOT_CLASS = YES_ERROR;
				CLANG_WARN_SUSPICIOUS_MOVE = YES;
				CLANG_WARN_UNREACHABLE_CODE = YES;
				CLANG_WARN__DUPLICATE_METHOD_MATCH = YES;
				CODE_SIGN_IDENTITY = "-";
				COPY_PHASE_STRIP = NO;
				DEBUG_INFORMATION_FORMAT = "dwarf-with-dsym";
				ENABLE_NS_ASSERTIONS = NO;
				ENABLE_STRICT_OBJC_MSGSEND = YES;
				GCC_C_LANGUAGE_STANDARD = gnu99;
				GCC_NO_COMMON_BLOCKS = YES;
				GCC_WARN_64_TO_32_BIT_CONVERSION = YES;
				GCC_WARN_ABOUT_RETURN_TYPE = YES_ERROR;
				GCC_WARN_UNDECLARED_SELECTOR = YES;
				GCC_WARN_UNINITIALIZED_AUTOS = YES_AGGRESSIVE;
				GCC_WARN_UNUSED_FUNCTION = YES;
				GCC_WARN_UNUSED_VARIABLE = YES;
				MACOSX_DEPLOYMENT_TARGET = 10.8;
				MTL_ENABLE_DEBUG_INFO = NO;
				SDKROOT = macosx;
			};
			name = Release;
		};
		03766A7F1E6BC3F200E6F9A0 /* Debug */ = {
			isa = XCBuildConfiguration;
			buildSettings = {
				PRODUCT_NAME = "$(TARGET_NAME)";
			};
			name = Debug;
		};
		03766A801E6BC3F200E6F9A0 /* Release */ = {
			isa = XCBuildConfiguration;
			buildSettings = {
				PRODUCT_NAME = "$(TARGET_NAME)";
			};
			name = Release;
		};
/* End XCBuildConfiguration section */

/* Begin XCConfigurationList section */
		03766A721E6BC3F200E6F9A0 /* Build configuration list for PBXProject "ising" */ = {
			isa = XCConfigurationList;
			buildConfigurations = (
				03766A7C1E6BC3F200E6F9A0 /* Debug */,
				03766A7D1E6BC3F200E6F9A0 /* Release */,
			);
			defaultConfigurationIsVisible = 0;
			defaultConfigurationName = Release;
		};
		03766A7E1E6BC3F200E6F9A0 /* Build configuration list for PBXNativeTarget "ising" */ = {
			isa = XCConfigurationList;
			buildConfigurations = (
				03766A7F1E6BC3F200E6F9A0 /* Debug */,
				03766A801E6BC3F200E6F9A0 /* Release */,
			);
			defaultConfigurationIsVisible = 0;
		};
/* End XCConfigurationList section */
	};
	rootObject = 03766A6F1E6BC3F200E6F9A0 /* Project object */;
}
